aioboto3==15.5.0 --hash=sha256:cc880c4d6a8481dd7e05da89f41c384dbd841454fc1998ae25ca9c39201437a6
aiobotocore==2.25.1 --hash=sha256:eb6daebe3cbef5b39a0bb2a97cffbe9c7cb46b2fcc399ad141f369f3c2134b1f
aiofiles==25.1.0 --hash=sha256:abe311e527c862958650f9438e859c1fa7568a141b22abcd015e120e86a85695
aiohappyeyeballs==2.7.1 --hash=sha256:9243213661e29250eb41368e5daa826fc017156c3b8a11440826b2e3ed376472
aiohttp==3.14.3 --hash=sha256:53e7b4ce82b54a8bcc71b3b67a5cbd177ca1d7f592cbc92cd38b7349f73482db
aioitertools==0.13.0 --hash=sha256:0be0292b856f08dfac90e31f4739432f4cb6d7520ab9eb73e143f4f2fa5259be
aiosignal==1.4.0 --hash=sha256:053243f8b92b990551949e63930a839ff0cf0b0ebbe0597b0f3fb19e1a0fe82e
annotated-doc==0.0.5 --hash=sha256:117bac03a25ede5df5440e855b32d556049ca169ead221505badf432fed4b101
annotated-types==0.8.0 --hash=sha256:f072f4d804ea359e4eaf198b1af7a8b0943881a87f31bb764f8bf219bb9419e0
anyio==4.14.2 --hash=sha256:9f505dda5ac9f0c8309b5e8bd445a8c2bf7246f3ce950121e45ea15bc41d1494
attrs==26.1.0 --hash=sha256:c647aa4a12dfbad9333ca4e71fe62ddc36f4e63b2d260a37a8b83d2f043ac309
bcrypt==4.0.1 --hash=sha256:ae88eca3024bb34bb3430f964beab71226e761f51b912de5133470b649d82344
boto3==1.40.61 --hash=sha256:6b9c57b2a922b5d8c17766e29ed792586a818098efe84def27c8f582b33f898c
boto3-stubs==1.43.73 --hash=sha256:924e861b51466e4e78673ae6255cacc545f52391408f8cf5095cf27b49a1cf16
botocore==1.40.61 --hash=sha256:17ebae412692fd4824f99cde0f08d50126dc97954008e5ba2b522eb049238aa7
botocore-stubs==1.43.67 --hash=sha256:c51262bac3341c1cda71f05fa01141fffd3990d7a92c7960e3b755c1bc830373
certifi==2026.7.22 --hash=sha256:62f22742b58a1a33014a2b6b706588a8d7e2a88ae7bd1a6ebe8c992928483775
cffi==2.1.1 --hash=sha256:34e261f78cb6ceaaa36f42f2613f4380d94d9c759a9c73c769ee6e0247364632
charset-normalizer==3.5.1 --hash=sha256:c7b742bf31c88566b4bb6335a7f393bb322e580b6bb98df7bd0c25e6e3519ce8
click==8.4.2 --hash=sha256:e6f9f66136c816745b9d65817da91d61d957fb16e02e4dcd0552553c5a197b76
colorama==0.4.6 --hash=sha256:4f1d9991f5acc0ca119f9d443620b77f9d6b33703e51011c16baf57afb285fc6
cryptography==50.0.0 --hash=sha256:06a32a980526a6ab9a4b9bf8f7385800791e2bb960903cb6b530e4817509a3b7
distro==1.9.0 --hash=sha256:7bffd925d65168f85027d8da9af6bddab658135b840670a223589bc0c8ef02b2
dnspython==2.8.0 --hash=sha256:01d9bbc4a2d76bf0db7c1f729812ded6d912bd318d3b1cf81d30c0f845dbf3af
ecdsa==0.19.2 --hash=sha256:840f5dc5e375c68f36c1a7a5b9caad28f95daa65185c9253c0c08dd952bb7399
email-validator==2.3.0 --hash=sha256:80f13f623413e6b197ae73bb10bf4eb0908faf509ad8362c5edeb0be7fd450b4
fastapi==0.141.1 --hash=sha256:bfb91aa2d334c61cb35ba9a116fc123b3d3df31640b801cf57a7a78ec3f603b3
frozenlist==1.8.0 --hash=sha256:0c18a16eab41e82c295618a77502e17b195883241c563b00f0aa5106fc4eaa0d
google-auth==2.56.3 --hash=sha256:8ec438808f813ad034535000261eed1067475d229d05bbf4216e78c3f2362e53
google-auth-httplib2==0.4.1 --hash=sha256:67088a8387dc3f66016a690634f1cb9b7a48a31406f8998e088efc64203e7a12
google-auth-oauthlib==1.4.0 --hash=sha256:251314f213a9ee46a5ae73988e84fd7cca8bb68e7ecf4bfd45940f9e7f51d070
h11==0.16.0 --hash=sha256:63cf8bbe7522de3bf65932fda1d9c2772064ffb3dae62d55932da54b31cb6c86
httpcore==1.0.9 --hash=sha256:2d400746a40668fc9dec9810239072b40b4484b640a8c38fd654a024c7a1bf55
httpcore2==2.10.0 --hash=sha256:7df06cfb34070cae4f7c89be69dc1095eca138e9704ceffb98d25c1912ab6f01
httplib2==0.32.0 --hash=sha256:dc6705cacdf3fb0a2aba7629fa33c90fd93e30035db0c157325826be177e4816
httptools==0.6.4 --hash=sha256:40b0f7fe4fd38e6a507bdb751db0379df1e99120c65fbdc8ee6c1d044897a636
httpx==0.28.1 --hash=sha256:d909fcccc110f8c7faf814ca82a9a4d816bc5a6dbfea25d6591d6985b8ba59ad
httpx2==2.10.0 --hash=sha256:5e3194a432701e1cc6f69a8b1b2fa199ef907013fede8d9a09a2c5b7b8141a18
idna==3.19 --hash=sha256:815e7be7a7806d54abb586dc943addc79e8b2ee16915059658cbeff4b1b43bf4
iniconfig==2.3.0 --hash=sha256:f631c04d2c48c52b84d0d0549c99ff3859c98df65b3101406327ecc7d53fbf12
jiter==0.16.0 --hash=sha256:8597d23c87f59294f83bcb6229b9ed1fccee13dbba967b46930d2f1759466fee
jmespath==1.1.0 --hash=sha256:a5663118de4908c91729bea0acadca56526eb2698e83de10cd116ae0f4e97c64
multidict==6.7.1 --hash=sha256:439cbebd499f92e9aa6793016a8acaa161dfa749ae86d20960189f5398a19144
mypy-boto3-dynamodb==1.43.64 --hash=sha256:74f59f05544e7682bd2ee284fea9dc859d6ca5984f60f80c0ac54aa744115ead
mypy-boto3-s3==1.43.66 --hash=sha256:f9385e190d423690dbc161260dac02439e3b6c9841e992ba6a92d15c1050b3af
oauthlib==3.3.1 --hash=sha256:88119c938d2b8fb88561af5f6ee0eec8cc8d552b7bb1f712743136eb7523b7a1
openai==3.2.0 --hash=sha256:e97a64a2df665460fbb1f23adbe3e4b717f6ac04b5740552889ad1d8dd9025c2
Pillow==12.3.0 --hash=sha256:23d27a3e0307ec2244cc51e7287b919aa68d097504ebe19df4e76a98a3eea5bd
packaging==26.3 --hash=sha256:d7193f7c8e4e93f444fde0262bf90af30e16fa0ad0ad44cb553c87339b23cd1c
passlib==1.7.4 --hash=sha256:aa6bca462b8d8bda89c70b382f0c298a20b5560af6cbfa2dce410c0a2fb669f1
pluggy==1.6.0 --hash=sha256:e920276dd6813095e9377c0bc5566d94c932c33b27a3e3945d8389c374dd4746
propcache==0.5.2 --hash=sha256:5aaa2b923c1944ac8febd6609cb373540a5563e7cbcb0fd770f75dace2eb817b
pyasn1==0.6.4 --hash=sha256:deda9277cfd454080ec40b207fb6df82206a3a2688735233cdcd8d3d565f088b
pyasn1_modules==0.4.2 --hash=sha256:29253a9207ce32b64c3ac6600edc75368f98473906e8fd1043bd6b5b1de2c14a
pycparser==3.0 --hash=sha256:b727414169a36b7d524c1c3e31839a521725078d7b2ff038656844266160a992
pydantic==2.13.4 --hash=sha256:45a282cde31d808236fd7ea9d919b128653c8b38b393d1c4ab335c62924d9aba
pydantic-settings==2.15.0 --hash=sha256:0ba092c291c94baceb5eff768aa0d56400a457585bc0175925a5a5510303da42
pydantic_core==2.46.4 --hash=sha256:f9fa868638bf362d3d138ea55829cefb3d5f4b0d7f142234382a15e2485dbec4
Pygments==2.21.0 --hash=sha256:2363c69b61c4a97c838da3b130dcd6468f4848992b21a82f2a63ec34377137d9
pyparsing==3.3.2 --hash=sha256:850ba148bd908d7e2411587e247a1e4f0327839c40e2e5e6d05a007ecc69911d
pytest==9.1.1 --hash=sha256:37a86b45efb9a47a61a36449063e8e18d0cab3161329fc099eb21783169c4f0c
pytest-asyncio==1.4.0 --hash=sha256:933ca923a23075a87fb7070c0ec272a6848489824d887c85c812670932835aa1
python-dateutil==2.9.0.post0 --hash=sha256:a8b2bc7bffae282281c8140a97d3aa9c14da0b136dfe83f850eea9a5f7470427
python-dotenv==1.2.3 --hash=sha256:904552145e8bfed22162c09dab1c2b9b54fefa7b23ba780f4f26ca0316b0f0d9
python-jose==3.5.0 --hash=sha256:abd1202f23d34dfad2c3d28cb8617b90acf34132c7afd60abd0b0b7d3cb55771
python-multipart==0.0.32 --hash=sha256:ff6d3f776f16878c894e52e107296ffc890e913c611b1a4ec6c44e2821fe2e23
PyYAML==6.0.3 --hash=sha256:b8bb0864c5a28024fac8a632c443c87c5aa6f215c0b126c449ae1a150412f31d
requests==2.34.2 --hash=sha256:2a0d60c172f83ac6ab31e4554906c0f3b3588d37b5cb939b1c061f4907e278e0
redis==7.4.1 --hash=sha256:1fa4647af1c5e93a2c685aa248ee44cce092691146d41390518dabe9a99839b0
requests-oauthlib==2.0.0 --hash=sha256:7dd8a5c40426b779b0868c404bdef9768deccf22749cde15852df527e6269b36
rsa==4.9.1 --hash=sha256:68635866661c6836b8d39430f97a996acbd61bfa49406748ea243539fe239762
s3transfer==0.14.0 --hash=sha256:ea3b790c7077558ed1f02a3072fb3cb992bbbd253392f4b6e9e8976941c7d456
sentry-sdk==2.68.1 --hash=sha256:775b78871783a0ffd758276ad01b3bb2b1ebcdad8f9d2f0a7723f76b73c99b65
six==1.17.0 --hash=sha256:4721f391ed90541fddacab5acf947aa0d3dc7d27b2e1e8eda2be8970586c3274
sniffio==1.3.1 --hash=sha256:2f6da418d1f1e0fddd844478f41680e794e6051915791a034ff65e5f100525a2
starlette==0.52.1 --hash=sha256:0029d43eb3d273bc4f83a08720b4912ea4b071087a3b48db01b7c839f7954d74
tqdm==4.70.0 --hash=sha256:7f585706bfddbdebf89daac705b2dfcc16890130727d3197ca62c732b4310953
truststore==0.10.4 --hash=sha256:adaeaecf1cbb5f4de3b1959b42d41f6fab57b2b1666adb59e89cb0b53361d981
types-s3transfer==0.16.0 --hash=sha256:1c0cd111ecf6e21437cb410f5cddb631bfb2263b77ad973e79b9c6d0cb24e0ef
typing-inspection==0.4.4 --hash=sha256:65b8397ba37ccbce054456aaccddfc91e6e3083c92824df348d96ca832f3f147
typing_extensions==4.16.0 --hash=sha256:481caa481374e813c1b176ada14e97f1f67a4539ce9cfeb3f350d78d6370c2e8
urllib3==2.7.0 --hash=sha256:9fb4c81ebbb1ce9531cce37674bbc6f1360472bc18ca9a553ede278ef7276897
uvicorn==0.52.3 --hash=sha256:116af2710dbf47c80f463cd20ee4884b6662f4c9f227d797ddc7279d2fcc2c7c
watchfiles==1.2.0 --hash=sha256:a711b51aec4370d0dcda5b6c09463206f133a5759341d7744b953a7b62e1100e
websockets==17.0.1 --hash=sha256:c6be9cba65c65cc76dfa3d4619e359ff02a4476c74e179b215236c11a0b32345
wrapt==1.17.3 --hash=sha256:7171ae35d2c33d326ac19dd8facb1e82e5fd04ef8c6c0e394d7af55a55051c22
yarl==1.24.5 --hash=sha256:570fec8fbd22b032733625f03f10b7ff023bc399213db15e72a7acaef28c2f4e

backoff==2.2.1 \
    --hash=sha256:03f829f5bb1923180821643f8753b0502c3b682293992485b0eef2807afa5cba \
    --hash=sha256:63579f9a0628e06278f7e47b7d7d5b6ce20dc65c5e96a6f3ca99a6adca0396e8
    # via langfuse

googleapis-common-protos==1.75.3 \
    --hash=sha256:57c435ac2c68b108999b6db075d9053e4d7a936ba57b4a3d45667b1346f1738a \
    --hash=sha256:a018d2bf098ca9fb6faa08d5bb780e2a2c2f73c566f069761331386c9596d3f2
    # via opentelemetry-exporter-otlp-proto-http

langfuse==4.15.2 \
    --hash=sha256:7f818f38cc22daba88fdcec62d2addcee4e18d1af4529978b6d07501e86b6946 \
    --hash=sha256:98c27a3c06e18c4497045f2d4decce2c716ef11cb215cf5b27bbea6ee0877115
    # via requirements.txt

opentelemetry-api==1.44.0 \
    --hash=sha256:67647e5e9566edcf421166fdf022b3537f818635daa852b289e34604dc6fb33a \
    --hash=sha256:94b98c893a91b88657eaac1e3ba89618cdb85be6918196705354f34728b2cdef
    # via
    #   langfuse
    #   opentelemetry-exporter-otlp-proto-http
    #   opentelemetry-sdk
    #   opentelemetry-semantic-conventions

opentelemetry-exporter-otlp-proto-common==1.44.0 \
    --hash=sha256:9a9fe61bba73d802904bc989f1d6b4a7b1ee40f06c40e98d6f85af65aaebb694 \
    --hash=sha256:dc87a5a5bc58f149a56d1547e4691588fa12994cdc3bc039a694ccb3375862ac
    # via opentelemetry-exporter-otlp-proto-http

opentelemetry-exporter-otlp-proto-http==1.44.0 \
    --hash=sha256:838592fce774c1c8bb7b9a0a7facbfa82e17be5a8a4e94cef10cb84ae026bae3 \
    --hash=sha256:c633d7270ad6b57cd4cfbe8b0007a9e2e7c0cb50bd6c50fe2a7b245f721a09d8
    # via langfuse

opentelemetry-proto==1.44.0 \
    --hash=sha256:898b155a0e1557afd867478fb6158e8122a46329ca0bb8dc53cc55e98f017f56 \
    --hash=sha256:c547a79c2f8c0c515d31509154682e5921c7cfd5ca67b70e1f9266e2c3e103f3
    # via
    #   opentelemetry-exporter-otlp-proto-common
    #   opentelemetry-exporter-otlp-proto-http

opentelemetry-sdk==1.44.0 \
    --hash=sha256:cebe7f65dc12f26ead75c6064de12fd2a9052e5060c0272d402cfa203aae123b \
    --hash=sha256:df081c4c6bcfdb1211e3e86140376792643128a25f8d72d1d27675936e7e96ad
    # via
    #   langfuse
    #   opentelemetry-exporter-otlp-proto-http

opentelemetry-semantic-conventions==0.65b0 \
    --hash=sha256:1cacde7b0ad306f84c5ef08c3dbe1bbaf20165bba6f8bff43b670e555a086bcb \
    --hash=sha256:f9b2b81e9d5b64f11bc952075e7e9c7fb0aab075c7fd1c46d597f1b919852d60
    # via opentelemetry-sdk

protobuf==7.36.1 \
    --hash=sha256:0b53ce95272aad50ad25d7ff03373743209822e8ba42ea7fad27d2bee1547d00 \
    --hash=sha256:39c518c05586c016d7874ff6079ee115bcec1ea5fbb1d177fbf7867ef4c67e44 \
    --hash=sha256:3cf2ee25d006cee57294a1196ea43b37feb78e0dcd1e8af5c1aeddb777655aca \
    --hash=sha256:43d3d37b1eb24c113b9b7d02008cac44e423f00b611b7781ae998d7623972969 \
    --hash=sha256:51139351435d9b43d88a55eaa49fb6f737fbb478fb0cbf2cf694d1a04a9d3363 \
    --hash=sha256:7d951e46b3f963d6c264c367c437921de9d5aedd9c3f9612b9077736b4e3ad5c \
    --hash=sha256:97198b77e369a0abd8e262b8f6c7266c55ddb796a3a12c76d7b8881188ed83aa \
    --hash=sha256:d0f6470f0ce2b84e3feaea2d4b816378b37ba4d4aa08a274305373de93e2d524
    # via
    #   googleapis-common-protos
    #   opentelemetry-proto
